
Microsoft Visual Studio Solution File, Format Version 12.00
# Visual Studio 15
VisualStudioVersion = 15.0.28010.2016
MinimumVisualStudioVersion = 10.0.40219.1
Project("{FAE04EC0-301F-11D3-BF4B-00C04F79EFBC}") = "lab3-2", "lab3-2\lab3-2.csproj", "{BCFAA695-CC79-44E8-959E-B5457AF84562}"
EndProject
Global
	GlobalSection(SolutionConfigurationPlatforms) = preSolution
		Debug|Any CPU = Debug|Any CPU
		Release|Any CPU = Release|Any CPU
	EndGlobalSection
	GlobalSection(ProjectConfigurationPlatforms) = postSolution
		{BCFAA695-CC79-44E8-959E-B5457AF84562}.Debug|Any CPU.ActiveCfg = Debug|Any CPU
		{BCFAA695-CC79-44E8-959E-B5457AF84562}.Debug|Any CPU.Build.0 = Debug|Any CPU
		{BCFAA695-CC79-44E8-959E-B5457AF84562}.Release|Any CPU.ActiveCfg = Release|Any CPU
		{BCFAA695-CC79-44E8-959E-B5457AF84562}.Release|Any CPU.Build.0 = Release|Any CPU
	EndGlobalSection
	GlobalSection(SolutionProperties) = preSolution
		HideSolutionNode = FALSE
	EndGlobalSection
	GlobalSection(ExtensibilityGlobals) = postSolution
		SolutionGuid = {ADA9D056-F5FE-46F3-B030-FB4C0E428C2C}
	EndGlobalSection
EndGlobal
