
Microsoft Visual Studio Solution File, Format Version 12.00
# Visual Studio 15
VisualStudioVersion = 15.0.28010.2016
MinimumVisualStudioVersion = 10.0.40219.1
Project("{FAE04EC0-301F-11D3-BF4B-00C04F79EFBC}") = "Lab1", "Lab1\Lab1.csproj", "{100BB621-5B8E-4105-8B9F-A2786B508456}"
EndProject
Global
	GlobalSection(SolutionConfigurationPlatforms) = preSolution
		Debug|Any CPU = Debug|Any CPU
		Release|Any CPU = Release|Any CPU
	EndGlobalSection
	GlobalSection(ProjectConfigurationPlatforms) = postSolution
		{100BB621-5B8E-4105-8B9F-A2786B508456}.Debug|Any CPU.ActiveCfg = Debug|Any CPU
		{100BB621-5B8E-4105-8B9F-A2786B508456}.Debug|Any CPU.Build.0 = Debug|Any CPU
		{100BB621-5B8E-4105-8B9F-A2786B508456}.Release|Any CPU.ActiveCfg = Release|Any CPU
		{100BB621-5B8E-4105-8B9F-A2786B508456}.Release|Any CPU.Build.0 = Release|Any CPU
	EndGlobalSection
	GlobalSection(SolutionProperties) = preSolution
		HideSolutionNode = FALSE
	EndGlobalSection
	GlobalSection(ExtensibilityGlobals) = postSolution
		SolutionGuid = {B0EFF346-1B9B-4E33-B711-E6AB4819B3CB}
	EndGlobalSection
EndGlobal
